
Microsoft Visual Studio Solution File, Format Version 12.00
# Visual Studio Version 17
VisualStudioVersion = 17.7.34202.233
MinimumVisualStudioVersion = 10.0.40219.1
Project("{888888A0-9F3D-457C-B088-3A5042F75D52}") = "simple_enqueu", "simple_enqueu\simple_enqueu.pyproj", "{0D6E1B29-2393-4503-8206-71EC7E6EB963}"
EndProject
Global
	GlobalSection(SolutionConfigurationPlatforms) = preSolution
		Debug|Any CPU = Debug|Any CPU
		Release|Any CPU = Release|Any CPU
	EndGlobalSection
	GlobalSection(ProjectConfigurationPlatforms) = postSolution
		{0D6E1B29-2393-4503-8206-71EC7E6EB963}.Debug|Any CPU.ActiveCfg = Debug|Any CPU
		{0D6E1B29-2393-4503-8206-71EC7E6EB963}.Release|Any CPU.ActiveCfg = Release|Any CPU
	EndGlobalSection
	GlobalSection(SolutionProperties) = preSolution
		HideSolutionNode = FALSE
	EndGlobalSection
	GlobalSection(ExtensibilityGlobals) = postSolution
		SolutionGuid = {B78B716D-3801-4095-913F-FC61554E8B73}
	EndGlobalSection
EndGlobal
